
Microsoft Visual Studio Solution File, Format Version 12.00
# Visual Studio Version 16
VisualStudioVersion = 16.0.30804.86
MinimumVisualStudioVersion = 10.0.40219.1
Project("{FAE04EC0-301F-11D3-BF4B-00C04F79EFBC}") = "ParallelFor", "ParallelFor.csproj", "{1E1F31BB-7884-48BB-8CA0-B75A4C4EA521}"
EndProject
Global
	GlobalSection(SolutionConfigurationPlatforms) = preSolution
		Debug|Any CPU = Debug|Any CPU
		Release|Any CPU = Release|Any CPU
	EndGlobalSection
	GlobalSection(ProjectConfigurationPlatforms) = postSolution
		{1E1F31BB-7884-48BB-8CA0-B75A4C4EA521}.Debug|Any CPU.ActiveCfg = Debug|Any CPU
		{1E1F31BB-7884-48BB-8CA0-B75A4C4EA521}.Debug|Any CPU.Build.0 = Debug|Any CPU
		{1E1F31BB-7884-48BB-8CA0-B75A4C4EA521}.Release|Any CPU.ActiveCfg = Release|Any CPU
		{1E1F31BB-7884-48BB-8CA0-B75A4C4EA521}.Release|Any CPU.Build.0 = Release|Any CPU
	EndGlobalSection
	GlobalSection(SolutionProperties) = preSolution
		HideSolutionNode = FALSE
	EndGlobalSection
	GlobalSection(ExtensibilityGlobals) = postSolution
		SolutionGuid = {68E1F782-D951-4C45-9868-E6FC62AF4E5F}
	EndGlobalSection
EndGlobal
